lockfileVersion: 5.4

specifiers:
  clsx: ^1.2.1
  prettier: ^2.8.7
  tailwind-merge: ^1.11.0

dependencies:
  clsx: 1.2.1
  tailwind-merge: 1.11.0

devDependencies:
  prettier: 2.8.7

packages:

  /clsx/1.2.1:
    resolution: {integrity: sha512-EcR6r5a8bj6pu3ycsa/E/cKVGuTgZJZdsyUYHOksG/UHIiKfjxzRxYJpyVBwYaQeOvghal9fcc4PidlgzugAQg==}
    engines: {node: '>=6'}
    dev: false

  /prettier/2.8.7:
    resolution: {integrity: sha512-yPngTo3aXUUmyuTjeTUT75txrf+aMh9FiD7q9ZE/i6r0bPb22g4FsE6Y338PQX1bmfy08i9QQCB7/rcUAVntfw==}
    engines: {node: '>=10.13.0'}
    hasBin: true
    dev: true

  /tailwind-merge/1.11.0:
    resolution: {integrity: sha512-oG3/328Y7LrfPMfkgMNxoqEk1ZQdXBxdphf9FFrreo8q0EtVIHt3bQf2IyFhQuVt8puB57lCRBNbazGhYAyz9w==}
    dev: false
